
Microsoft Visual Studio Solution File, Format Version 12.00
# Visual Studio 15
VisualStudioVersion = 15.0.28307.902
MinimumVisualStudioVersion = 10.0.40219.1
Project("{FAE04EC0-301F-11D3-BF4B-00C04F79EFBC}") = "Salon_samochodowy", "Salon_samochodowy\Salon_samochodowy.csproj", "{6BE94F2B-60C0-44AE-ACA7-2BC4E7527932}"
EndProject
Global
	GlobalSection(SolutionConfigurationPlatforms) = preSolution
		Debug|Any CPU = Debug|Any CPU
		Release|Any CPU = Release|Any CPU
	EndGlobalSection
	GlobalSection(ProjectConfigurationPlatforms) = postSolution
		{6BE94F2B-60C0-44AE-ACA7-2BC4E7527932}.Debug|Any CPU.ActiveCfg = Debug|Any CPU
		{6BE94F2B-60C0-44AE-ACA7-2BC4E7527932}.Debug|Any CPU.Build.0 = Debug|Any CPU
		{6BE94F2B-60C0-44AE-ACA7-2BC4E7527932}.Release|Any CPU.ActiveCfg = Release|Any CPU
		{6BE94F2B-60C0-44AE-ACA7-2BC4E7527932}.Release|Any CPU.Build.0 = Release|Any CPU
	EndGlobalSection
	GlobalSection(SolutionProperties) = preSolution
		HideSolutionNode = FALSE
	EndGlobalSection
	GlobalSection(ExtensibilityGlobals) = postSolution
		SolutionGuid = {28E6DC83-EAEE-4EBD-BCE7-C7916705BD97}
	EndGlobalSection
EndGlobal
